PODS:
  - DACircularProgress (2.3.1)
  - HandyFrame (1.1.3)
  - Masonry (0.6.4)
  - MBProgressHUD (0.9.2)
  - MWPhotoBrowser (2.1.2):
    - DACircularProgress (~> 2.3)
    - MBProgressHUD (~> 0.9)
    - SDWebImage (!= 3.7.2, ~> 3.7)
  - Reachability (3.2)
  - SDWebImage (3.8.2):
    - SDWebImage/Core (= 3.8.2)
  - SDWebImage/Core (3.8.2)
  - zucheLib_ProgressHUD (0.1.9):
    - Masonry (~> 0.6.1)
    - MBProgressHUD (~> 0.9)
    - Reachability (~> 3.2)

DEPENDENCIES:
  - HandyFrame
  - Masonry
  - MBProgressHUD
  - MWPhotoBrowser
  - zucheLib_ProgressHUD (from `http://10.3.4.127:8888/ios_team/zuchelib_progresshud.git`, tag `0.2.3`)

EXTERNAL SOURCES:
  zucheLib_ProgressHUD:
    :git: http://10.3.4.127:8888/ios_team/zuchelib_progresshud.git
    :tag: 0.2.3

CHECKOUT OPTIONS:
  zucheLib_ProgressHUD:
    :git: http://10.3.4.127:8888/ios_team/zuchelib_progresshud.git
    :tag: 0.2.3

SPEC CHECKSUMS:
  DACircularProgress: 4dd437c0fc3da5161cb289e07ac449493d41db71
  HandyFrame: 5fef3c197c383332d7d5c838b3f7a85ce2f8f9cc
  Masonry: 281802d04d787ea2973179ee8bcb50500579ede2
  MBProgressHUD: 1569cf7ace17a8bac47aabfbb8580a49690386d1
  MWPhotoBrowser: 5836d7aa041dc05a13de380c246826578adc5ea5
  Reachability: 33e18b67625424e47b6cde6d202dce689ad7af96
  SDWebImage: 098e97e6176540799c27e804c96653ee0833d13c
  zucheLib_ProgressHUD: 7e7b6ac661584217c4640944b9c76bc38cdc5c5f

PODFILE CHECKSUM: 94531a79aa082376852392187fe3014f24fde6c2

COCOAPODS: 1.2.0
