// !$*UTF8*$!
{
	archiveVersion = 1;
	classes = {
	};
	objectVersion = 46;
	objects = {

/* Begin PBXBuildFile section */
		DA7CDA351EEA49A6001DAFD5 /* ZCMyProfileBusiness.h in Headers */ = {isa = PBXBuildFile; fileRef = DA7CDA331EEA49A6001DAFD5 /* ZCMyProfileBusiness.h */; settings = {ATTRIBUTES = (Public, ); }; };
		DA7CDA461EEA6B18001DAFD5 /* CTMediator.h in Headers */ = {isa = PBXBuildFile; fileRef = DA7CDA421EEA6B18001DAFD5 /* CTMediator.h */; };
		DA7CDA471EEA6B18001DAFD5 /* CTMediator.m in Sources */ = {isa = PBXBuildFile; fileRef = DA7CDA431EEA6B18001DAFD5 /* CTMediator.m */; };
/* End PBXBuildFile section */

/* Begin PBXFileReference section */
		DA7CDA301EEA49A6001DAFD5 /* ZCMyProfileBusiness.framework */ = {isa = PBXFileReference; explicitFileType = wrapper.framework; includeInIndex = 0; path = ZCMyProfileBusiness.framework; sourceTree = BUILT_PRODUCTS_DIR; };
		DA7CDA331EEA49A6001DAFD5 /* ZCMyProfileBusiness.h */ = {isa = PBXFileReference; lastKnownFileType = sourcecode.c.h; path = ZCMyProfileBusiness.h; sourceTree = "<group>"; };
		DA7CDA341EEA49A6001DAFD5 /* Info.plist */ = {isa = PBXFileReference; lastKnownFileType = text.plist.xml; path = Info.plist; sourceTree = "<group>"; };
		DA7CDA421EEA6B18001DAFD5 /* CTMediator.h */ = {isa = PBXFileReference; fileEncoding = 4; lastKnownFileType = sourcecode.c.h; path = CTMediator.h; sourceTree = "<group>"; };
		DA7CDA431EEA6B18001DAFD5 /* CTMediator.m */ = {isa = PBXFileReference; fileEncoding = 4; lastKnownFileType = sourcecode.c.objc; path = CTMediator.m; sourceTree = "<group>"; };
/* End PBXFileReference section */

/* Begin PBXFrameworksBuildPhase section */
		DA7CDA2C1EEA49A6001DAFD5 /* Frameworks */ = {
			isa = PBXFrameworksBuildPhase;
			buildActionMask = 2147483647;
			files = (
			);
			runOnlyForDeploymentPostprocessing = 0;
		};
/* End PBXFrameworksBuildPhase section */

/* Begin PBXGroup section */
		DA7CDA261EEA49A6001DAFD5 = {
			isa = PBXGroup;
			children = (
				DA7CDA321EEA49A6001DAFD5 /* ZCMyProfileBusiness */,
				DA7CDA311EEA49A6001DAFD5 /* Products */,
			);
			sourceTree = "<group>";
		};
		DA7CDA311EEA49A6001DAFD5 /* Products */ = {
			isa = PBXGroup;
			children = (
				DA7CDA301EEA49A6001DAFD5 /* ZCMyProfileBusiness.framework */,
			);
			name = Products;
			sourceTree = "<group>";
		};
		DA7CDA321EEA49A6001DAFD5 /* ZCMyProfileBusiness */ = {
			isa = PBXGroup;
			children = (
				DA7CDA411EEA6B18001DAFD5 /* Interface  */,
				DA7CDA441EEA6B18001DAFD5 /* UIs */,
				DA7CDA451EEA6B18001DAFD5 /* ViewControllers */,
				DA7CDA331EEA49A6001DAFD5 /* ZCMyProfileBusiness.h */,
				DA7CDA341EEA49A6001DAFD5 /* Info.plist */,
			);
			path = ZCMyProfileBusiness;
			sourceTree = "<group>";
		};
		DA7CDA411EEA6B18001DAFD5 /* Interface  */ = {
			isa = PBXGroup;
			children = (
				DA7CDA421EEA6B18001DAFD5 /* CTMediator.h */,
				DA7CDA431EEA6B18001DAFD5 /* CTMediator.m */,
			);
			path = "Interface ";
			sourceTree = "<group>";
		};
		DA7CDA441EEA6B18001DAFD5 /* UIs */ = {
			isa = PBXGroup;
			children = (
			);
			path = UIs;
			sourceTree = "<group>";
		};
		DA7CDA451EEA6B18001DAFD5 /* ViewControllers */ = {
			isa = PBXGroup;
			children = (
			);
			path = ViewControllers;
			sourceTree = "<group>";
		};
/* End PBXGroup section */

/* Begin PBXHeadersBuildPhase section */
		DA7CDA2D1EEA49A6001DAFD5 /* Headers */ = {
			isa = PBXHeadersBuildPhase;
			buildActionMask = 2147483647;
			files = (
				DA7CDA461EEA6B18001DAFD5 /* CTMediator.h in Headers */,
				DA7CDA351EEA49A6001DAFD5 /* ZCMyProfileBusiness.h in Headers */,
			);
			runOnlyForDeploymentPostprocessing = 0;
		};
/* End PBXHeadersBuildPhase section */

/* Begin PBXNativeTarget section */
		DA7CDA2F1EEA49A6001DAFD5 /* ZCMyProfileBusiness */ = {
			isa = PBXNativeTarget;
			buildConfigurationList = DA7CDA381EEA49A6001DAFD5 /* Build configuration list for PBXNativeTarget "ZCMyProfileBusiness" */;
			buildPhases = (
				DA7CDA2B1EEA49A6001DAFD5 /* Sources */,
				DA7CDA2C1EEA49A6001DAFD5 /* Frameworks */,
				DA7CDA2D1EEA49A6001DAFD5 /* Headers */,
				DA7CDA2E1EEA49A6001DAFD5 /* Resources */,
			);
			buildRules = (
			);
			dependencies = (
			);
			name = ZCMyProfileBusiness;
			productName = ZCMyProfileBusiness;
			productReference = DA7CDA301EEA49A6001DAFD5 /* ZCMyProfileBusiness.framework */;
			productType = "com.apple.product-type.framework";
		};
/* End PBXNativeTarget section */

/* Begin PBXProject section */
		DA7CDA271EEA49A6001DAFD5 /* Project object */ = {
			isa = PBXProject;
			attributes = {
				LastUpgradeCheck = 0830;
				ORGANIZATIONNAME = Jiahui;
				TargetAttributes = {
					DA7CDA2F1EEA49A6001DAFD5 = {
						CreatedOnToolsVersion = 8.3.2;
						DevelopmentTeam = H5FV9M2FWE;
						ProvisioningStyle = Automatic;
					};
				};
			};
			buildConfigurationList = DA7CDA2A1EEA49A6001DAFD5 /* Build configuration list for PBXProject "ZCMyProfileBusiness" */;
			compatibilityVersion = "Xcode 3.2";
			developmentRegion = English;
			hasScannedForEncodings = 0;
			knownRegions = (
				en,
			);
			mainGroup = DA7CDA261EEA49A6001DAFD5;
			productRefGroup = DA7CDA311EEA49A6001DAFD5 /* Products */;
			projectDirPath = "";
			projectRoot = "";
			targets = (
				DA7CDA2F1EEA49A6001DAFD5 /* ZCMyProfileBusiness */,
			);
		};
/* End PBXProject section */

/* Begin PBXResourcesBuildPhase section */
		DA7CDA2E1EEA49A6001DAFD5 /* Resources */ = {
			isa = PBXResourcesBuildPhase;
			buildActionMask = 2147483647;
			files = (
			);
			runOnlyForDeploymentPostprocessing = 0;
		};
/* End PBXResourcesBuildPhase section */

/* Begin PBXSourcesBuildPhase section */
		DA7CDA2B1EEA49A6001DAFD5 /* Sources */ = {
			isa = PBXSourcesBuildPhase;
			buildActionMask = 2147483647;
			files = (
				DA7CDA471EEA6B18001DAFD5 /* CTMediator.m in Sources */,
			);
			runOnlyForDeploymentPostprocessing = 0;
		};
/* End PBXSourcesBuildPhase section */

/* Begin XCBuildConfiguration section */
		DA7CDA361EEA49A6001DAFD5 /* Debug */ = {
			isa = XCBuildConfiguration;
			buildSettings = {
				ALWAYS_SEARCH_USER_PATHS = NO;
				CLANG_ANALYZER_NONNULL = YES;
				CLANG_ANALYZER_NUMBER_OBJECT_CONVERSION = YES_AGGRESSIVE;
				CLANG_CXX_LANGUAGE_STANDARD = "gnu++0x";
				CLANG_CXX_LIBRARY = "libc++";
				CLANG_ENABLE_MODULES = YES;
				CLANG_ENABLE_OBJC_ARC = YES;
				CLANG_WARN_BOOL_CONVERSION = YES;
				CLANG_WARN_CONSTANT_CONVERSION = YES;
				CLANG_WARN_DIRECT_OBJC_ISA_USAGE = YES_ERROR;
				CLANG_WARN_DOCUMENTATION_COMMENTS = YES;
				CLANG_WARN_EMPTY_BODY = YES;
				CLANG_WARN_ENUM_CONVERSION = YES;
				CLANG_WARN_INFINITE_RECURSION = YES;
				CLANG_WARN_INT_CONVERSION = YES;
				CLANG_WARN_OBJC_ROOT_CLASS = YES_ERROR;
				CLANG_WARN_SUSPICIOUS_MOVE = YES;
				CLANG_WARN_UNREACHABLE_CODE = YES;
				CLANG_WARN__DUPLICATE_METHOD_MATCH = YES;
				"CODE_SIGN_IDENTITY[sdk=iphoneos*]" = "iPhone Developer";
				COPY_PHASE_STRIP = NO;
				CURRENT_PROJECT_VERSION = 1;
				DEBUG_INFORMATION_FORMAT = dwarf;
				ENABLE_STRICT_OBJC_MSGSEND = YES;
				ENABLE_TESTABILITY = YES;
				GCC_C_LANGUAGE_STANDARD = gnu99;
				GCC_DYNAMIC_NO_PIC = NO;
				GCC_NO_COMMON_BLOCKS = YES;
				GCC_OPTIMIZATION_LEVEL = 0;
				GCC_PREPROCESSOR_DEFINITIONS = (
					"DEBUG=1",
					"$(inherited)",
				);
				GCC_WARN_64_TO_32_BIT_CONVERSION = YES;
				GCC_WARN_ABOUT_RETURN_TYPE = YES_ERROR;
				GCC_WARN_UNDECLARED_SELECTOR = YES;
				GCC_WARN_UNINITIALIZED_AUTOS = YES_AGGRESSIVE;
				GCC_WARN_UNUSED_FUNCTION = YES;
				GCC_WARN_UNUSED_VARIABLE = YES;
				IPHONEOS_DEPLOYMENT_TARGET = 10.3;
				MTL_ENABLE_DEBUG_INFO = YES;
				ONLY_ACTIVE_ARCH = YES;
				SDKROOT = iphoneos;
				TARGETED_DEVICE_FAMILY = "1,2";
				VERSIONING_SYSTEM = "apple-generic";
				VERSION_INFO_PREFIX = "";
			};
			name = Debug;
		};
		DA7CDA371EEA49A6001DAFD5 /* Release */ = {
			isa = XCBuildConfiguration;
			buildSettings = {
				ALWAYS_SEARCH_USER_PATHS = NO;
				CLANG_ANALYZER_NONNULL = YES;
				CLANG_ANALYZER_NUMBER_OBJECT_CONVERSION = YES_AGGRESSIVE;
				CLANG_CXX_LANGUAGE_STANDARD = "gnu++0x";
				CLANG_CXX_LIBRARY = "libc++";
				CLANG_ENABLE_MODULES = YES;
				CLANG_ENABLE_OBJC_ARC = YES;
				CLANG_WARN_BOOL_CONVERSION = YES;
				CLANG_WARN_CONSTANT_CONVERSION = YES;
				CLANG_WARN_DIRECT_OBJC_ISA_USAGE = YES_ERROR;
				CLANG_WARN_DOCUMENTATION_COMMENTS = YES;
				CLANG_WARN_EMPTY_BODY = YES;
				CLANG_WARN_ENUM_CONVERSION = YES;
				CLANG_WARN_INFINITE_RECURSION = YES;
				CLANG_WARN_INT_CONVERSION = YES;
				CLANG_WARN_OBJC_ROOT_CLASS = YES_ERROR;
				CLANG_WARN_SUSPICIOUS_MOVE = YES;
				CLANG_WARN_UNREACHABLE_CODE = YES;
				CLANG_WARN__DUPLICATE_METHOD_MATCH = YES;
				"CODE_SIGN_IDENTITY[sdk=iphoneos*]" = "iPhone Developer";
				COPY_PHASE_STRIP = NO;
				CURRENT_PROJECT_VERSION = 1;
				DEBUG_INFORMATION_FORMAT = "dwarf-with-dsym";
				ENABLE_NS_ASSERTIONS = NO;
				ENABLE_STRICT_OBJC_MSGSEND = YES;
				GCC_C_LANGUAGE_STANDARD = gnu99;
				GCC_NO_COMMON_BLOCKS = YES;
				GCC_WARN_64_TO_32_BIT_CONVERSION = YES;
				GCC_WARN_ABOUT_RETURN_TYPE = YES_ERROR;
				GCC_WARN_UNDECLARED_SELECTOR = YES;
				GCC_WARN_UNINITIALIZED_AUTOS = YES_AGGRESSIVE;
				GCC_WARN_UNUSED_FUNCTION = YES;
				GCC_WARN_UNUSED_VARIABLE = YES;
				IPHONEOS_DEPLOYMENT_TARGET = 10.3;
				MTL_ENABLE_DEBUG_INFO = NO;
				SDKROOT = iphoneos;
				TARGETED_DEVICE_FAMILY = "1,2";
				VALIDATE_PRODUCT = YES;
				VERSIONING_SYSTEM = "apple-generic";
				VERSION_INFO_PREFIX = "";
			};
			name = Release;
		};
		DA7CDA391EEA49A6001DAFD5 /* Debug */ = {
			isa = XCBuildConfiguration;
			buildSettings = {
				CODE_SIGN_IDENTITY = "";
				DEFINES_MODULE = YES;
				DEVELOPMENT_TEAM = H5FV9M2FWE;
				DYLIB_COMPATIBILITY_VERSION = 1;
				DYLIB_CURRENT_VERSION = 1;
				DYLIB_INSTALL_NAME_BASE = "@rpath";
				INFOPLIST_FILE = ZCMyProfileBusiness/Info.plist;
				INSTALL_PATH = "$(LOCAL_LIBRARY_DIR)/Frameworks";
				LD_RUNPATH_SEARCH_PATHS = "$(inherited) @executable_path/Frameworks @loader_path/Frameworks";
				PRODUCT_BUNDLE_IDENTIFIER = Test.ZCMyProfileBusiness;
				PRODUCT_NAME = "$(TARGET_NAME)";
				SKIP_INSTALL = YES;
			};
			name = Debug;
		};
		DA7CDA3A1EEA49A6001DAFD5 /* Release */ = {
			isa = XCBuildConfiguration;
			buildSettings = {
				CODE_SIGN_IDENTITY = "";
				DEFINES_MODULE = YES;
				DEVELOPMENT_TEAM = H5FV9M2FWE;
				DYLIB_COMPATIBILITY_VERSION = 1;
				DYLIB_CURRENT_VERSION = 1;
				DYLIB_INSTALL_NAME_BASE = "@rpath";
				INFOPLIST_FILE = ZCMyProfileBusiness/Info.plist;
				INSTALL_PATH = "$(LOCAL_LIBRARY_DIR)/Frameworks";
				LD_RUNPATH_SEARCH_PATHS = "$(inherited) @executable_path/Frameworks @loader_path/Frameworks";
				PRODUCT_BUNDLE_IDENTIFIER = Test.ZCMyProfileBusiness;
				PRODUCT_NAME = "$(TARGET_NAME)";
				SKIP_INSTALL = YES;
			};
			name = Release;
		};
/* End XCBuildConfiguration section */

/* Begin XCConfigurationList section */
		DA7CDA2A1EEA49A6001DAFD5 /* Build configuration list for PBXProject "ZCMyProfileBusiness" */ = {
			isa = XCConfigurationList;
			buildConfigurations = (
				DA7CDA361EEA49A6001DAFD5 /* Debug */,
				DA7CDA371EEA49A6001DAFD5 /* Release */,
			);
			defaultConfigurationIsVisible = 0;
			defaultConfigurationName = Release;
		};
		DA7CDA381EEA49A6001DAFD5 /* Build configuration list for PBXNativeTarget "ZCMyProfileBusiness" */ = {
			isa = XCConfigurationList;
			buildConfigurations = (
				DA7CDA391EEA49A6001DAFD5 /* Debug */,
				DA7CDA3A1EEA49A6001DAFD5 /* Release */,
			);
			defaultConfigurationIsVisible = 0;
		};
/* End XCConfigurationList section */
	};
	rootObject = DA7CDA271EEA49A6001DAFD5 /* Project object */;
}
